
Microsoft Visual Studio Solution File, Format Version 12.00
# Visual Studio Version 17
VisualStudioVersion = 17.4.33110.190
MinimumVisualStudioVersion = 10.0.40219.1
Project("{FAE04EC0-301F-11D3-BF4B-00C04F79EFBC}") = "EVMSWeb", "EVMSWeb\EVMSWeb.csproj", "{72E34409-ADA3-48A6-A241-F607211412FA}"
EndProject
Global
	GlobalSection(SolutionConfigurationPlatforms) = preSolution
		Debug|Any CPU = Debug|Any CPU
		Release|Any CPU = Release|Any CPU
	EndGlobalSection
	GlobalSection(ProjectConfigurationPlatforms) = postSolution
		{72E34409-ADA3-48A6-A241-F607211412FA}.Debug|Any CPU.ActiveCfg = Debug|Any CPU
		{72E34409-ADA3-48A6-A241-F607211412FA}.Debug|Any CPU.Build.0 = Debug|Any CPU
		{72E34409-ADA3-48A6-A241-F607211412FA}.Release|Any CPU.ActiveCfg = Release|Any CPU
		{72E34409-ADA3-48A6-A241-F607211412FA}.Release|Any CPU.Build.0 = Release|Any CPU
	EndGlobalSection
	GlobalSection(SolutionProperties) = preSolution
		HideSolutionNode = FALSE
	EndGlobalSection
	GlobalSection(ExtensibilityGlobals) = postSolution
		SolutionGuid = {9CAE7E75-9689-4A43-B351-81B53B4775C5}
	EndGlobalSection
EndGlobal
